<?xml version="1.0" encoding="utf-8"?>
<Project ToolsVersion="4.0" xmlns="http://schemas.microsoft.com/developer/msbuild/2003">
  <ItemGroup>
    <ClCompile Include="Action.cpp" />
    <ClCompile Include="AddCardAction.cpp" />
    <ClCompile Include="AddLadderAction.cpp" />
    <ClCompile Include="ApplicationManager.cpp" />
    <ClCompile Include="Card.cpp" />
    <ClCompile Include="CardOne.cpp" />
    <ClCompile Include="CardSix.cpp" />
    <ClCompile Include="CardThree.cpp" />
    <ClCompile Include="Cell.cpp" />
    <ClCompile Include="CellPosition.cpp" />
    <ClCompile Include="CardFive.cpp" />
    <ClCompile Include="CMUgraphicsLib\auxil.cpp" />
    <ClCompile Include="CMUgraphicsLib\CMUgraphics.cpp" />
    <ClCompile Include="CMUgraphicsLib\colors.cpp" />
    <ClCompile Include="CMUgraphicsLib\image.cpp" />
    <ClCompile Include="CMUgraphicsLib\jpegload.c" />
    <ClCompile Include="CMUgraphicsLib\keyqueue.cpp" />
    <ClCompile Include="CMUgraphicsLib\mousequeue.cpp" />
    <ClCompile Include="CMUgraphicsLib\windowinput.cpp" />
    <ClCompile Include="CMUgraphicsLib\jpeg\jcomapi.c" />
    <ClCompile Include="CMUgraphicsLib\jpeg\jcparam.c" />
    <ClCompile Include="CMUgraphicsLib\jpeg\jdapimin.c" />
    <ClCompile Include="CMUgraphicsLib\jpeg\jdapistd.c" />
    <ClCompile Include="CMUgraphicsLib\jpeg\jdatasrc.c" />
    <ClCompile Include="CMUgraphicsLib\jpeg\jdcoefct.c" />
    <ClCompile Include="CMUgraphicsLib\jpeg\jdcolor.c" />
    <ClCompile Include="CMUgraphicsLib\jpeg\jddctmgr.c" />
    <ClCompile Include="CMUgraphicsLib\jpeg\jdhuff.c" />
    <ClCompile Include="CMUgraphicsLib\jpeg\jdinput.c" />
    <ClCompile Include="CMUgraphicsLib\jpeg\jdmainct.c" />
    <ClCompile Include="CMUgraphicsLib\jpeg\jdmarker.c" />
    <ClCompile Include="CMUgraphicsLib\jpeg\jdmaster.c" />
    <ClCompile Include="CMUgraphicsLib\jpeg\jdmerge.c" />
    <ClCompile Include="CMUgraphicsLib\jpeg\jdphuff.c" />
    <ClCompile Include="CMUgraphicsLib\jpeg\jdpostct.c" />
    <ClCompile Include="CMUgraphicsLib\jpeg\jdsample.c" />
    <ClCompile Include="CMUgraphicsLib\jpeg\jdtrans.c" />
    <ClCompile Include="CMUgraphicsLib\jpeg\jerror.c" />
    <ClCompile Include="CMUgraphicsLib\jpeg\jidctflt.c" />
    <ClCompile Include="CMUgraphicsLib\jpeg\jidctfst.c" />
    <ClCompile Include="CMUgraphicsLib\jpeg\jidctint.c" />
    <ClCompile Include="CMUgraphicsLib\jpeg\jidctred.c" />
    <ClCompile Include="CMUgraphicsLib\jpeg\jmemmgr.c" />
    <ClCompile Include="CMUgraphicsLib\jpeg\jmemnobs.c" />
    <ClCompile Include="CMUgraphicsLib\jpeg\jquant1.c" />
    <ClCompile Include="CMUgraphicsLib\jpeg\jquant2.c" />
    <ClCompile Include="CMUgraphicsLib\jpeg\jutils.c" />
    <ClCompile Include="CopyCardAction.cpp" />
    <ClCompile Include="CutCardAction.cpp" />
    <ClCompile Include="GameObject.cpp" />
    <ClCompile Include="Grid.cpp" />
    <ClCompile Include="Input.cpp" />
    <ClCompile Include="InputDiceValueAction.cpp" />
    <ClCompile Include="Ladder.cpp" />
    <ClCompile Include="Output.cpp" />
    <ClCompile Include="PasteCardAction.cpp" />
    <ClCompile Include="Player.cpp" />
    <ClCompile Include="Main.cpp" />
    <ClCompile Include="RollDiceAction.cpp" />
    <ClCompile Include="SwitchToDesignModeAction.cpp" />
    <ClCompile Include="SwitchToPlayModeAction.cpp" />
    <ClCompile Include="NewGameAction.cpp" />
    <ClCompile Include="CardFour.cpp" />
  </ItemGroup>
  <ItemGroup>
    <ClInclude Include="Action.h" />
    <ClInclude Include="AddCardAction.h" />
    <ClInclude Include="AddLadderAction.h" />
    <ClInclude Include="ApplicationManager.h" />
    <ClInclude Include="Card.h" />
    <ClInclude Include="CardOne.h" />
    <ClInclude Include="CardSix.h" />
    <ClInclude Include="CardThree.h" />
    <ClInclude Include="Cell.h" />
    <ClInclude Include="CellPosition.h" />
    <ClInclude Include="CardFive.h" />
    <ClInclude Include="CMUgraphicsLib\auxil.h" />
    <ClInclude Include="CMUgraphicsLib\CMUgraphics.h" />
    <ClInclude Include="CMUgraphicsLib\colors.h" />
    <ClInclude Include="CMUgraphicsLib\error.h" />
    <ClInclude Include="CMUgraphicsLib\image.h" />
    <ClInclude Include="CMUgraphicsLib\jpegload.h" />
    <ClInclude Include="CMUgraphicsLib\keyqueue.h" />
    <ClInclude Include="CMUgraphicsLib\mousequeue.h" />
    <ClInclude Include="CMUgraphicsLib\version.h" />
    <ClInclude Include="CMUgraphicsLib\windowinput.h" />
    <ClInclude Include="CMUgraphicsLib\jpeg\jconfig.h" />
    <ClInclude Include="CMUgraphicsLib\jpeg\jdct.h" />
    <ClInclude Include="CMUgraphicsLib\jpeg\jdhuff.h" />
    <ClInclude Include="CMUgraphicsLib\jpeg\jerror.h" />
    <ClInclude Include="CMUgraphicsLib\jpeg\jinclude.h" />
    <ClInclude Include="CMUgraphicsLib\jpeg\jmemsys.h" />
    <ClInclude Include="CMUgraphicsLib\jpeg\jmorecfg.h" />
    <ClInclude Include="CMUgraphicsLib\jpeg\jpegint.h" />
    <ClInclude Include="CMUgraphicsLib\jpeg\jpeglib.h" />
    <ClInclude Include="CMUgraphicsLib\jpeg\jversion.h" />
    <ClInclude Include="CopyCardAction.h" />
    <ClInclude Include="CutCardAction.h" />
    <ClInclude Include="DEFS.h" />
    <ClInclude Include="GameObject.h" />
    <ClInclude Include="Grid.h" />
    <ClInclude Include="Input.h" />
    <ClInclude Include="InputDiceValueAction.h" />
    <ClInclude Include="Ladder.h" />
    <ClInclude Include="Output.h" />
    <ClInclude Include="PasteCardAction.h" />
    <ClInclude Include="Player.h" />
    <ClInclude Include="RollDiceAction.h" />
    <ClInclude Include="SwitchToDesignModeAction.h" />
    <ClInclude Include="SwitchToPlayModeAction.h" />
    <ClInclude Include="UI_Info.h" />
    <ClInclude Include="NewGameAction.h" />
    <ClInclude Include="CardFour.h" />
  </ItemGroup>
</Project>